
Microsoft Visual Studio Solution File, Format Version 12.00
# Visual Studio 15
VisualStudioVersion = 15.0.28307.705
MinimumVisualStudioVersion = 10.0.40219.1
Project("{FAE04EC0-301F-11D3-BF4B-00C04F79EFBC}") = "04_MiniPaint", "04_MiniPaint\04_MiniPaint.csproj", "{8542C2BF-7861-410D-94A5-4F374558B881}"
EndProject
Global
	GlobalSection(SolutionConfigurationPlatforms) = preSolution
		Debug|Any CPU = Debug|Any CPU
		Release|Any CPU = Release|Any CPU
	EndGlobalSection
	GlobalSection(ProjectConfigurationPlatforms) = postSolution
		{8542C2BF-7861-410D-94A5-4F374558B881}.Debug|Any CPU.ActiveCfg = Debug|Any CPU
		{8542C2BF-7861-410D-94A5-4F374558B881}.Debug|Any CPU.Build.0 = Debug|Any CPU
		{8542C2BF-7861-410D-94A5-4F374558B881}.Release|Any CPU.ActiveCfg = Release|Any CPU
		{8542C2BF-7861-410D-94A5-4F374558B881}.Release|Any CPU.Build.0 = Release|Any CPU
	EndGlobalSection
	GlobalSection(SolutionProperties) = preSolution
		HideSolutionNode = FALSE
	EndGlobalSection
	GlobalSection(ExtensibilityGlobals) = postSolution
		SolutionGuid = {E53273C4-A67D-4F78-8F02-A7C2FD7675FF}
	EndGlobalSection
EndGlobal
